
Microsoft Visual Studio Solution File, Format Version 12.00
# Visual Studio Version 16
VisualStudioVersion = 16.0.31205.134
MinimumVisualStudioVersion = 10.0.40219.1
Project("{FAE04EC0-301F-11D3-BF4B-00C04F79EFBC}") = "Calculator0", "Calculator0\Calculator0.csproj", "{40932943-2AD2-488E-A860-1744C01EEAD4}"
EndProject
Global
	GlobalSection(SolutionConfigurationPlatforms) = preSolution
		Debug|Any CPU = Debug|Any CPU
		Release|Any CPU = Release|Any CPU
	EndGlobalSection
	GlobalSection(ProjectConfigurationPlatforms) = postSolution
		{40932943-2AD2-488E-A860-1744C01EEAD4}.Debug|Any CPU.ActiveCfg = Debug|Any CPU
		{40932943-2AD2-488E-A860-1744C01EEAD4}.Debug|Any CPU.Build.0 = Debug|Any CPU
		{40932943-2AD2-488E-A860-1744C01EEAD4}.Release|Any CPU.ActiveCfg = Release|Any CPU
		{40932943-2AD2-488E-A860-1744C01EEAD4}.Release|Any CPU.Build.0 = Release|Any CPU
	EndGlobalSection
	GlobalSection(SolutionProperties) = preSolution
		HideSolutionNode = FALSE
	EndGlobalSection
	GlobalSection(ExtensibilityGlobals) = postSolution
		SolutionGuid = {539C85BF-B3D9-4BFD-8FC1-537019AFD511}
	EndGlobalSection
EndGlobal
